
Microsoft Visual Studio Solution File, Format Version 12.00
# Visual Studio Version 17
VisualStudioVersion = 17.0.32002.185
MinimumVisualStudioVersion = 10.0.40219.1
Project("{9A19103F-16F7-4668-BE54-9A1E7A4F7556}") = "Reduct.System", "Reduct.System\Reduct.System.csproj", "{1A7174D7-C760-4A72-933A-26F8B2ED52A9}"
EndProject
Project("{9A19103F-16F7-4668-BE54-9A1E7A4F7556}") = "Reduct.Framework.Tests", "Reduct.Framework.Tests\Reduct.Framework.Tests.csproj", "{AA9A7B9D-26BF-4B73-91F6-F857EB7AFFE9}"
EndProject
Project("{2150E333-8FDC-42A3-9474-1A3956D46DE8}") = "Solution Items", "Solution Items", "{2A3A5A65-E48A-4B25-A2C9-C2C8FEFEF3E0}"
	ProjectSection(SolutionItems) = preProject
		package.props = package.props
	EndProjectSection
EndProject
Global
	GlobalSection(SolutionConfigurationPlatforms) = preSolution
		Debug|Any CPU = Debug|Any CPU
		Release|Any CPU = Release|Any CPU
	EndGlobalSection
	GlobalSection(ProjectConfigurationPlatforms) = postSolution
		{1A7174D7-C760-4A72-933A-26F8B2ED52A9}.Debug|Any CPU.ActiveCfg = Debug|Any CPU
		{1A7174D7-C760-4A72-933A-26F8B2ED52A9}.Debug|Any CPU.Build.0 = Debug|Any CPU
		{1A7174D7-C760-4A72-933A-26F8B2ED52A9}.Release|Any CPU.ActiveCfg = Release|Any CPU
		{1A7174D7-C760-4A72-933A-26F8B2ED52A9}.Release|Any CPU.Build.0 = Release|Any CPU
		{AA9A7B9D-26BF-4B73-91F6-F857EB7AFFE9}.Debug|Any CPU.ActiveCfg = Debug|Any CPU
		{AA9A7B9D-26BF-4B73-91F6-F857EB7AFFE9}.Debug|Any CPU.Build.0 = Debug|Any CPU
		{AA9A7B9D-26BF-4B73-91F6-F857EB7AFFE9}.Release|Any CPU.ActiveCfg = Release|Any CPU
		{AA9A7B9D-26BF-4B73-91F6-F857EB7AFFE9}.Release|Any CPU.Build.0 = Release|Any CPU
	EndGlobalSection
	GlobalSection(SolutionProperties) = preSolution
		HideSolutionNode = FALSE
	EndGlobalSection
	GlobalSection(ExtensibilityGlobals) = postSolution
		SolutionGuid = {09E911FB-D5C4-412F-96DB-4A031AEE9E78}
	EndGlobalSection
EndGlobal
